// !$*UTF8*$!
{
	archiveVersion = 1;
	classes = {
	};
	objectVersion = 42;
	objects = {

/* Begin PBXBuildFile section */
		6A0C5EB106FA3B310084D2BB /* Cocoa.framework in Frameworks */ = {isa = PBXBuildFile; fileRef = 1058C7B1FEA5585E11CA2CBB /* Cocoa.framework */; };
		6A8E7286072EF38A008AF696 /* CrashReporterMain.nib in Resources */ = {isa = PBXBuildFile; fileRef = 6AF6C42406B18B7700C4D0C9 /* CrashReporterMain.nib */; };
		6A9112C5080331F1008F96C4 /* CoreServices.framework in Frameworks */ = {isa = PBXBuildFile; fileRef = 6A9112C4080331F1008F96C4 /* CoreServices.framework */; };
		6A9116DB0803425B008F96C4 /* AddressBook.framework in Frameworks */ = {isa = PBXBuildFile; fileRef = 6A9116DA0803425B008F96C4 /* AddressBook.framework */; };
		6A91A29206D23716005F6DC0 /* SMTPMailDelivery.h in Headers */ = {isa = PBXBuildFile; fileRef = 6A91A29006D23716005F6DC0 /* SMTPMailDelivery.h */; };
		6A91A29306D23717005F6DC0 /* SMTPMailDelivery.m in Sources */ = {isa = PBXBuildFile; fileRef = 6A91A29106D23716005F6DC0 /* SMTPMailDelivery.m */; };
		6A91A3E706D281BD005F6DC0 /* Cocoa.framework in Frameworks */ = {isa = PBXBuildFile; fileRef = 1058C7B1FEA5585E11CA2CBB /* Cocoa.framework */; };
		6AF6C3BF06B061CF00C4D0C9 /* ILCrashReporter.h in Headers */ = {isa = PBXBuildFile; fileRef = 6AF6C3BD06B061CF00C4D0C9 /* ILCrashReporter.h */; settings = {ATTRIBUTES = (Public, ); }; };
		6AF6C3C006B061CF00C4D0C9 /* ILCrashReporter.m in Sources */ = {isa = PBXBuildFile; fileRef = 6AF6C3BE06B061CF00C4D0C9 /* ILCrashReporter.m */; };
		6AF6C42A06B18B7800C4D0C9 /* CrashReporterAppDelegate.h in Headers */ = {isa = PBXBuildFile; fileRef = 6AF6C41E06B18B7700C4D0C9 /* CrashReporterAppDelegate.h */; };
		6AF6C42B06B18B7800C4D0C9 /* CrashReporterAppDelegate.m in Sources */ = {isa = PBXBuildFile; fileRef = 6AF6C41F06B18B7700C4D0C9 /* CrashReporterAppDelegate.m */; };
		6AF6C42C06B18B7800C4D0C9 /* CrashReporterController.h in Headers */ = {isa = PBXBuildFile; fileRef = 6AF6C42006B18B7700C4D0C9 /* CrashReporterController.h */; };
		6AF6C42D06B18B7800C4D0C9 /* CrashReporterController.m in Sources */ = {isa = PBXBuildFile; fileRef = 6AF6C42106B18B7700C4D0C9 /* CrashReporterController.m */; };
		6AF6C42E06B18B7800C4D0C9 /* CrashReporterIcon.icns in Resources */ = {isa = PBXBuildFile; fileRef = 6AF6C42206B18B7700C4D0C9 /* CrashReporterIcon.icns */; };
		6AF6C43006B18B7800C4D0C9 /* Localizable.strings in Resources */ = {isa = PBXBuildFile; fileRef = 6AF6C42506B18B7700C4D0C9 /* Localizable.strings */; };
		6AF6C43106B18B7800C4D0C9 /* GetPID.h in Headers */ = {isa = PBXBuildFile; fileRef = 6AF6C42706B18B7700C4D0C9 /* GetPID.h */; };
		6AF6C43206B18B7800C4D0C9 /* GetPID.m in Sources */ = {isa = PBXBuildFile; fileRef = 6AF6C42806B18B7700C4D0C9 /* GetPID.m */; };
		6AF6C44F06B1B01500C4D0C9 /* CrashReporter.app in CopyFiles */ = {isa = PBXBuildFile; fileRef = 6AF6C41806B18B4800C4D0C9 /* CrashReporter.app */; };
		6AF6C48006B1BD5A00C4D0C9 /* main.m in Sources */ = {isa = PBXBuildFile; fileRef = 6AF6C47F06B1BD5A00C4D0C9 /* main.m */; };
		8DC2EF510486A6940098B216 /* ILCrashReporter_Prefix.pch in Headers */ = {isa = PBXBuildFile; fileRef = 32DBCF5E0370ADEE00C91783 /* ILCrashReporter_Prefix.pch */; };
		8DC2EF530486A6940098B216 /* InfoPlist.strings in Resources */ = {isa = PBXBuildFile; fileRef = 089C1666FE841158C02AAC07 /* InfoPlist.strings */; };
/* End PBXBuildFile section */

/* Begin PBXBuildStyle section */
		014CEA440018CDF011CA2923 /* Development */ = {
			isa = PBXBuildStyle;
			buildSettings = {
				COPY_PHASE_STRIP = NO;
				DEBUGGING_SYMBOLS = YES;
				GCC_DYNAMIC_NO_PIC = NO;
				GCC_ENABLE_FIX_AND_CONTINUE = YES;
				GCC_GENERATE_DEBUGGING_SYMBOLS = YES;
				GCC_OPTIMIZATION_LEVEL = 0;
				GCC_PREPROCESSOR_DEFINITIONS = "DEBUG=1";
				MACOSX_DEPLOYMENT_TARGET = 10.2;
				OPTIMIZATION_CFLAGS = "-O0";
				ZERO_LINK = NO;
			};
			name = Development;
		};
		014CEA450018CDF011CA2923 /* Deployment */ = {
			isa = PBXBuildStyle;
			buildSettings = {
				COPY_PHASE_STRIP = YES;
				GCC_ENABLE_FIX_AND_CONTINUE = NO;
				MACOSX_DEPLOYMENT_TARGET = 10.2;
				ZERO_LINK = NO;
			};
			name = Deployment;
		};
		6A6AF564073D354900857373 /* Development 10.2 */ = {
			isa = PBXBuildStyle;
			buildSettings = {
				GCC_OPTIMIZATION_LEVEL = 0;
				GCC_PREPROCESSOR_DEFINITIONS = (
					"DEBUG=1",
					"MAC_OS_X_VERSION_MAX_ALLOWED=1020",
				);
				MACOSX_DEPLOYMENT_TARGET = 10.2;
			};
			name = "Development 10.2";
		};
/* End PBXBuildStyle section */

/* Begin PBXContainerItemProxy section */
		6AF6C46406B1B87A00C4D0C9 /* PBXContainerItemProxy */ = {
			isa = PBXContainerItemProxy;
			containerPortal = 0867D690FE84028FC02AAC07 /* Project object */;
			proxyType = 1;
			remoteGlobalIDString = 6AF6C41706B18B4800C4D0C9;
			remoteInfo = CrashReporter;
		};
/* End PBXContainerItemProxy section */

/* Begin PBXCopyFilesBuildPhase section */
		6AF6C44506B1AFC400C4D0C9 /* CopyFiles */ = {
			isa = PBXCopyFilesBuildPhase;
			buildActionMask = 12;
			dstPath = "";
			dstSubfolderSpec = 7;
			files = (
				6AF6C44F06B1B01500C4D0C9 /* CrashReporter.app in CopyFiles */,
			);
			runOnlyForDeploymentPostprocessing = 0;
		};
/* End PBXCopyFilesBuildPhase section */

/* Begin PBXFileReference section */
		0867D69BFE84028FC02AAC07 /* Foundation.framework */ = {isa = PBXFileReference; lastKnownFileType = wrapper.framework; name = Foundation.framework; path = /System/Library/Frameworks/Foundation.framework; sourceTree = "<absolute>"; };
		0867D6A5FE840307C02AAC07 /* AppKit.framework */ = {isa = PBXFileReference; lastKnownFileType = wrapper.framework; name = AppKit.framework; path = /System/Library/Frameworks/AppKit.framework; sourceTree = "<absolute>"; };
		089C1667FE841158C02AAC07 /* English */ = {isa = PBXFileReference; fileEncoding = 10; lastKnownFileType = text.plist.strings; name = English; path = English.lproj/InfoPlist.strings; sourceTree = "<group>"; };
		1058C7B1FEA5585E11CA2CBB /* Cocoa.framework */ = {isa = PBXFileReference; lastKnownFileType = wrapper.framework; name = Cocoa.framework; path = /System/Library/Frameworks/Cocoa.framework; sourceTree = "<absolute>"; };
		32DBCF5E0370ADEE00C91783 /* ILCrashReporter_Prefix.pch */ = {isa = PBXFileReference; fileEncoding = 4; lastKnownFileType = sourcecode.c.h; path = ILCrashReporter_Prefix.pch; sourceTree = "<group>"; };
		6A07290408551AF000BC12AD /* Development.xcconfig */ = {isa = PBXFileReference; fileEncoding = 4; lastKnownFileType = text.xcconfig; path = Development.xcconfig; sourceTree = "<group>"; };
		6A07290C08551BCB00BC12AD /* Deployment.xcconfig */ = {isa = PBXFileReference; fileEncoding = 4; lastKnownFileType = text.xcconfig; path = Deployment.xcconfig; sourceTree = "<group>"; };
		6A2C03FC0731A0DC00F85C97 /* Japanese */ = {isa = PBXFileReference; lastKnownFileType = text.plist.strings; name = Japanese; path = Japanese.lproj/Localizable.strings; sourceTree = "<group>"; };
		6A2C03FD0731A0EC00F85C97 /* French */ = {isa = PBXFileReference; lastKnownFileType = text.plist.strings; name = French; path = French.lproj/Localizable.strings; sourceTree = "<group>"; };
		6A2C03FE0731A12600F85C97 /* German */ = {isa = PBXFileReference; lastKnownFileType = text.plist.strings; name = German; path = German.lproj/Localizable.strings; sourceTree = "<group>"; };
		6A2C03FF0731A14500F85C97 /* Italian */ = {isa = PBXFileReference; lastKnownFileType = text.plist.strings; name = Italian; path = Italian.lproj/Localizable.strings; sourceTree = "<group>"; };
		6A2C04000731A15A00F85C97 /* Spanish */ = {isa = PBXFileReference; lastKnownFileType = text.plist.strings; name = Spanish; path = Spanish.lproj/Localizable.strings; sourceTree = "<group>"; };
		6A2C044F0731B25100F85C97 /* zh_CN */ = {isa = PBXFileReference; lastKnownFileType = text.plist.strings; name = zh_CN; path = zh_CN.lproj/Localizable.strings; sourceTree = "<group>"; };
		6A2C05390733994000F85C97 /* character-sets.txt */ = {isa = PBXFileReference; fileEncoding = 30; lastKnownFileType = text; path = "character-sets.txt"; sourceTree = "<group>"; };
		6A6B21A407105ABE00057057 /* build_number */ = {isa = PBXFileReference; fileEncoding = 30; lastKnownFileType = text; path = build_number; sourceTree = "<group>"; };
		6A6B21A507105ABE00057057 /* GenBuildNumber.sh */ = {isa = PBXFileReference; fileEncoding = 30; lastKnownFileType = text.script.sh; path = GenBuildNumber.sh; sourceTree = "<group>"; };
		6A6B21AC07105B2400057057 /* version_number */ = {isa = PBXFileReference; fileEncoding = 30; lastKnownFileType = text; path = version_number; sourceTree = "<group>"; };
		6A6B22260710665D00057057 /* LocalizeStrings.sh */ = {isa = PBXFileReference; fileEncoding = 30; lastKnownFileType = text.script.sh; path = LocalizeStrings.sh; sourceTree = "<group>"; };
		6A6B22990710830D00057057 /* MakeDocumentation.sh */ = {isa = PBXFileReference; fileEncoding = 30; lastKnownFileType = text.script.sh; path = MakeDocumentation.sh; sourceTree = "<group>"; };
		6A6B22B107109A9200057057 /* DoBuild.sh */ = {isa = PBXFileReference; fileEncoding = 30; lastKnownFileType = text.script.sh; path = DoBuild.sh; sourceTree = "<group>"; };
		6A8E72C807304091008AF696 /* da */ = {isa = PBXFileReference; lastKnownFileType = text.plist.strings; name = da; path = da.lproj/Localizable.strings; sourceTree = "<group>"; };
		6A9112C4080331F1008F96C4 /* CoreServices.framework */ = {isa = PBXFileReference; lastKnownFileType = wrapper.framework; name = CoreServices.framework; path = /System/Library/Frameworks/CoreServices.framework; sourceTree = "<absolute>"; };
		6A9116DA0803425B008F96C4 /* AddressBook.framework */ = {isa = PBXFileReference; lastKnownFileType = wrapper.framework; name = AddressBook.framework; path = /System/Library/Frameworks/AddressBook.framework; sourceTree = "<absolute>"; };
		6A91A29006D23716005F6DC0 /* SMTPMailDelivery.h */ = {isa = PBXFileReference; fileEncoding = 4; lastKnownFileType = sourcecode.c.h; path = SMTPMailDelivery.h; sourceTree = "<group>"; };
		6A91A29106D23716005F6DC0 /* SMTPMailDelivery.m */ = {isa = PBXFileReference; fileEncoding = 4; lastKnownFileType = sourcecode.c.objc; path = SMTPMailDelivery.m; sourceTree = "<group>"; };
		6A984A4307FC4FE400B6F7B7 /* ChangeNotes.txt */ = {isa = PBXFileReference; fileEncoding = 4; lastKnownFileType = text; path = ChangeNotes.txt; sourceTree = "<group>"; };
		6AA8E25B07171EEB00287131 /* rfc2821.txt */ = {isa = PBXFileReference; fileEncoding = 30; lastKnownFileType = text; path = rfc2821.txt; sourceTree = "<group>"; };
		6AF6C3BD06B061CF00C4D0C9 /* ILCrashReporter.h */ = {isa = PBXFileReference; fileEncoding = 4; lastKnownFileType = sourcecode.c.h; path = ILCrashReporter.h; sourceTree = "<group>"; wrapsLines = 0; };
		6AF6C3BE06B061CF00C4D0C9 /* ILCrashReporter.m */ = {isa = PBXFileReference; fileEncoding = 4; lastKnownFileType = sourcecode.c.objc; path = ILCrashReporter.m; sourceTree = "<group>"; };
		6AF6C41806B18B4800C4D0C9 /* CrashReporter.app */ = {isa = PBXFileReference; includeInIndex = 0; lastKnownFileType = wrapper.application; path = CrashReporter.app; sourceTree = BUILT_PRODUCTS_DIR; };
		6AF6C41D06B18B7700C4D0C9 /* CrashReporter-Info.plist */ = {isa = PBXFileReference; fileEncoding = 30; lastKnownFileType = text.xml; path = "CrashReporter-Info.plist"; sourceTree = "<group>"; };
		6AF6C41E06B18B7700C4D0C9 /* CrashReporterAppDelegate.h */ = {isa = PBXFileReference; fileEncoding = 30; lastKnownFileType = sourcecode.c.h; path = CrashReporterAppDelegate.h; sourceTree = "<group>"; };
		6AF6C41F06B18B7700C4D0C9 /* CrashReporterAppDelegate.m */ = {isa = PBXFileReference; fileEncoding = 30; lastKnownFileType = sourcecode.c.objc; path = CrashReporterAppDelegate.m; sourceTree = "<group>"; };
		6AF6C42006B18B7700C4D0C9 /* CrashReporterController.h */ = {isa = PBXFileReference; fileEncoding = 30; lastKnownFileType = sourcecode.c.h; path = CrashReporterController.h; sourceTree = "<group>"; };
		6AF6C42106B18B7700C4D0C9 /* CrashReporterController.m */ = {isa = PBXFileReference; fileEncoding = 30; lastKnownFileType = sourcecode.c.objc; path = CrashReporterController.m; sourceTree = "<group>"; };
		6AF6C42206B18B7700C4D0C9 /* CrashReporterIcon.icns */ = {isa = PBXFileReference; lastKnownFileType = image.icns; path = CrashReporterIcon.icns; sourceTree = "<group>"; };
		6AF6C42406B18B7700C4D0C9 /* CrashReporterMain.nib */ = {isa = PBXFileReference; lastKnownFileType = wrapper.nib; path = CrashReporterMain.nib; sourceTree = "<group>"; };
		6AF6C42606B18B7700C4D0C9 /* English */ = {isa = PBXFileReference; fileEncoding = 10; lastKnownFileType = text.plist.strings; name = English; path = English.lproj/Localizable.strings; sourceTree = "<group>"; };
		6AF6C42706B18B7700C4D0C9 /* GetPID.h */ = {isa = PBXFileReference; fileEncoding = 30; lastKnownFileType = sourcecode.c.h; path = GetPID.h; sourceTree = "<group>"; };
		6AF6C42806B18B7700C4D0C9 /* GetPID.m */ = {isa = PBXFileReference; fileEncoding = 30; lastKnownFileType = sourcecode.c.objc; path = GetPID.m; sourceTree = "<group>"; };
		6AF6C45106B1B38700C4D0C9 /* LinkComponents.sh */ = {isa = PBXFileReference; fileEncoding = 30; lastKnownFileType = text.script.sh; path = LinkComponents.sh; sourceTree = "<group>"; };
		6AF6C47F06B1BD5A00C4D0C9 /* main.m */ = {isa = PBXFileReference; fileEncoding = 30; lastKnownFileType = sourcecode.c.objc; path = main.m; sourceTree = "<group>"; };
		6AFFB24706F36E2300287C3A /* rfc1870.txt */ = {isa = PBXFileReference; fileEncoding = 30; lastKnownFileType = text; path = rfc1870.txt; sourceTree = "<group>"; };
		6AFFB24806F36E2300287C3A /* rfc2045.txt */ = {isa = PBXFileReference; fileEncoding = 30; lastKnownFileType = text; path = rfc2045.txt; sourceTree = "<group>"; };
		6AFFB24906F36E2300287C3A /* rfc2046.txt */ = {isa = PBXFileReference; fileEncoding = 30; lastKnownFileType = text; path = rfc2046.txt; sourceTree = "<group>"; };
		6AFFB24A06F36E2300287C3A /* rfc2047.txt */ = {isa = PBXFileReference; fileEncoding = 30; lastKnownFileType = text; path = rfc2047.txt; sourceTree = "<group>"; };
		6AFFB24B06F36E2300287C3A /* rfc2183.txt */ = {isa = PBXFileReference; fileEncoding = 30; lastKnownFileType = text; path = rfc2183.txt; sourceTree = "<group>"; };
		6AFFB24C06F36E2300287C3A /* rfc2646.txt */ = {isa = PBXFileReference; fileEncoding = 30; lastKnownFileType = text; path = rfc2646.txt; sourceTree = "<group>"; };
		6AFFB24D06F36E2300287C3A /* rfc2822.txt */ = {isa = PBXFileReference; fileEncoding = 30; lastKnownFileType = text; path = rfc2822.txt; sourceTree = "<group>"; };
		8DC2EF5A0486A6940098B216 /* Info.plist */ = {isa = PBXFileReference; fileEncoding = 4; lastKnownFileType = text.plist; path = Info.plist; sourceTree = "<group>"; };
		8DC2EF5B0486A6940098B216 /* ILCrashReporter.framework */ = {isa = PBXFileReference; explicitFileType = wrapper.framework; includeInIndex = 0; path = ILCrashReporter.framework; sourceTree = BUILT_PRODUCTS_DIR; };
/* End PBXFileReference section */

/* Begin PBXFrameworksBuildPhase section */
		6AF6C41606B18B4800C4D0C9 /* Frameworks */ = {
			isa = PBXFrameworksBuildPhase;
			buildActionMask = 2147483647;
			files = (
				6A91A3E706D281BD005F6DC0 /* Cocoa.framework in Frameworks */,
				6A9112C5080331F1008F96C4 /* CoreServices.framework in Frameworks */,
				6A9116DB0803425B008F96C4 /* AddressBook.framework in Frameworks */,
			);
			runOnlyForDeploymentPostprocessing = 0;
		};
		8DC2EF560486A6940098B216 /* Frameworks */ = {
			isa = PBXFrameworksBuildPhase;
			buildActionMask = 2147483647;
			files = (
				6A0C5EB106FA3B310084D2BB /* Cocoa.framework in Frameworks */,
			);
			runOnlyForDeploymentPostprocessing = 0;
		};
/* End PBXFrameworksBuildPhase section */

/* Begin PBXGroup section */
		034768DFFF38A50411DB9C8B /* Products */ = {
			isa = PBXGroup;
			children = (
				8DC2EF5B0486A6940098B216 /* ILCrashReporter.framework */,
				6AF6C41806B18B4800C4D0C9 /* CrashReporter.app */,
			);
			name = Products;
			sourceTree = "<group>";
		};
		0867D691FE84028FC02AAC07 /* ILCrashReporter */ = {
			isa = PBXGroup;
			children = (
				6A984A4307FC4FE400B6F7B7 /* ChangeNotes.txt */,
				6AF6C41C06B18B7700C4D0C9 /* CrashReporter */,
				6AF6C43306B18B9600C4D0C9 /* Framework */,
				6AF6C45006B1B38700C4D0C9 /* build_vars */,
				6AFFB24606F36E2300287C3A /* RFCs */,
				0867D69AFE84028FC02AAC07 /* External Frameworks and Libraries */,
				034768DFFF38A50411DB9C8B /* Products */,
			);
			name = ILCrashReporter;
			sourceTree = "<group>";
		};
		0867D69AFE84028FC02AAC07 /* External Frameworks and Libraries */ = {
			isa = PBXGroup;
			children = (
				1058C7B0FEA5585E11CA2CBB /* Linked Frameworks */,
				1058C7B2FEA5585E11CA2CBB /* Other Frameworks */,
				6A91A55706D3FC8F005F6DC0 /* Libraries */,
			);
			name = "External Frameworks and Libraries";
			sourceTree = "<group>";
		};
		089C1665FE841158C02AAC07 /* Resources */ = {
			isa = PBXGroup;
			children = (
				8DC2EF5A0486A6940098B216 /* Info.plist */,
				089C1666FE841158C02AAC07 /* InfoPlist.strings */,
			);
			path = Resources;
			sourceTree = "<group>";
		};
		08FB77AEFE84172EC02AAC07 /* Classes */ = {
			isa = PBXGroup;
			children = (
				6AF6C3BD06B061CF00C4D0C9 /* ILCrashReporter.h */,
				6AF6C3BE06B061CF00C4D0C9 /* ILCrashReporter.m */,
			);
			name = Classes;
			sourceTree = "<group>";
		};
		1058C7B0FEA5585E11CA2CBB /* Linked Frameworks */ = {
			isa = PBXGroup;
			children = (
				1058C7B1FEA5585E11CA2CBB /* Cocoa.framework */,
				6A9112C4080331F1008F96C4 /* CoreServices.framework */,
				6A9116DA0803425B008F96C4 /* AddressBook.framework */,
			);
			name = "Linked Frameworks";
			sourceTree = "<group>";
		};
		1058C7B2FEA5585E11CA2CBB /* Other Frameworks */ = {
			isa = PBXGroup;
			children = (
				0867D69BFE84028FC02AAC07 /* Foundation.framework */,
				0867D6A5FE840307C02AAC07 /* AppKit.framework */,
			);
			name = "Other Frameworks";
			sourceTree = "<group>";
		};
		32C88DFF0371C24200C91783 /* Other Sources */ = {
			isa = PBXGroup;
			children = (
				32DBCF5E0370ADEE00C91783 /* ILCrashReporter_Prefix.pch */,
			);
			name = "Other Sources";
			sourceTree = "<group>";
		};
		6A91A55706D3FC8F005F6DC0 /* Libraries */ = {
			isa = PBXGroup;
			children = (
			);
			name = Libraries;
			sourceTree = "<group>";
		};
		6AF6C41C06B18B7700C4D0C9 /* CrashReporter */ = {
			isa = PBXGroup;
			children = (
				6AF6C47F06B1BD5A00C4D0C9 /* main.m */,
				6AF6C41D06B18B7700C4D0C9 /* CrashReporter-Info.plist */,
				6AF6C41E06B18B7700C4D0C9 /* CrashReporterAppDelegate.h */,
				6AF6C41F06B18B7700C4D0C9 /* CrashReporterAppDelegate.m */,
				6AF6C42006B18B7700C4D0C9 /* CrashReporterController.h */,
				6AF6C42106B18B7700C4D0C9 /* CrashReporterController.m */,
				6AF6C42206B18B7700C4D0C9 /* CrashReporterIcon.icns */,
				6AF6C42406B18B7700C4D0C9 /* CrashReporterMain.nib */,
				6AF6C42506B18B7700C4D0C9 /* Localizable.strings */,
				6AF6C42706B18B7700C4D0C9 /* GetPID.h */,
				6AF6C42806B18B7700C4D0C9 /* GetPID.m */,
				6A91A29006D23716005F6DC0 /* SMTPMailDelivery.h */,
				6A91A29106D23716005F6DC0 /* SMTPMailDelivery.m */,
			);
			name = CrashReporter;
			path = Source/CrashReporter;
			sourceTree = "<group>";
		};
		6AF6C43306B18B9600C4D0C9 /* Framework */ = {
			isa = PBXGroup;
			children = (
				08FB77AEFE84172EC02AAC07 /* Classes */,
				32C88DFF0371C24200C91783 /* Other Sources */,
				089C1665FE841158C02AAC07 /* Resources */,
			);
			name = Framework;
			path = Source/Framework;
			sourceTree = SOURCE_ROOT;
		};
		6AF6C45006B1B38700C4D0C9 /* build_vars */ = {
			isa = PBXGroup;
			children = (
				6A6B22B107109A9200057057 /* DoBuild.sh */,
				6A6B22990710830D00057057 /* MakeDocumentation.sh */,
				6A6B22260710665D00057057 /* LocalizeStrings.sh */,
				6A6B21A407105ABE00057057 /* build_number */,
				6A6B21AC07105B2400057057 /* version_number */,
				6A6B21A507105ABE00057057 /* GenBuildNumber.sh */,
				6AF6C45106B1B38700C4D0C9 /* LinkComponents.sh */,
				6A07290408551AF000BC12AD /* Development.xcconfig */,
				6A07290C08551BCB00BC12AD /* Deployment.xcconfig */,
			);
			path = build_vars;
			sourceTree = "<group>";
		};
		6AFFB24606F36E2300287C3A /* RFCs */ = {
			isa = PBXGroup;
			children = (
				6A2C05390733994000F85C97 /* character-sets.txt */,
				6AFFB24706F36E2300287C3A /* rfc1870.txt */,
				6AFFB24806F36E2300287C3A /* rfc2045.txt */,
				6AFFB24906F36E2300287C3A /* rfc2046.txt */,
				6AFFB24A06F36E2300287C3A /* rfc2047.txt */,
				6AFFB24B06F36E2300287C3A /* rfc2183.txt */,
				6AFFB24C06F36E2300287C3A /* rfc2646.txt */,
				6AA8E25B07171EEB00287131 /* rfc2821.txt */,
				6AFFB24D06F36E2300287C3A /* rfc2822.txt */,
			);
			path = RFCs;
			sourceTree = "<group>";
		};
/* End PBXGroup section */

/* Begin PBXHeadersBuildPhase section */
		6AF6C41306B18B4800C4D0C9 /* Headers */ = {
			isa = PBXHeadersBuildPhase;
			buildActionMask = 2147483647;
			files = (
				6AF6C42A06B18B7800C4D0C9 /* CrashReporterAppDelegate.h in Headers */,
				6AF6C42C06B18B7800C4D0C9 /* CrashReporterController.h in Headers */,
				6AF6C43106B18B7800C4D0C9 /* GetPID.h in Headers */,
				6A91A29206D23716005F6DC0 /* SMTPMailDelivery.h in Headers */,
			);
			runOnlyForDeploymentPostprocessing = 0;
		};
		8DC2EF500486A6940098B216 /* Headers */ = {
			isa = PBXHeadersBuildPhase;
			buildActionMask = 2147483647;
			files = (
				8DC2EF510486A6940098B216 /* ILCrashReporter_Prefix.pch in Headers */,
				6AF6C3BF06B061CF00C4D0C9 /* ILCrashReporter.h in Headers */,
			);
			runOnlyForDeploymentPostprocessing = 0;
		};
/* End PBXHeadersBuildPhase section */

/* Begin PBXNativeTarget section */
		6AF6C41706B18B4800C4D0C9 /* CrashReporter */ = {
			isa = PBXNativeTarget;
			buildConfigurationList = 6A0728F308551A2000BC12AD /* Build configuration list for PBXNativeTarget "CrashReporter" */;
			buildPhases = (
				6AF6C41306B18B4800C4D0C9 /* Headers */,
				6AF6C41406B18B4800C4D0C9 /* Resources */,
				6AF6C41506B18B4800C4D0C9 /* Sources */,
				6AF6C41606B18B4800C4D0C9 /* Frameworks */,
				6A6B21DA0710600700057057 /* ShellScript */,
			);
			buildRules = (
			);
			buildSettings = {
				GCC_PRECOMPILE_PREFIX_HEADER = YES;
				GCC_PREFIX_HEADER = Source/Framework/ILCrashReporter_Prefix.pch;
				GCC_WARN_FOUR_CHARACTER_CONSTANTS = NO;
				GCC_WARN_UNKNOWN_PRAGMAS = NO;
				INFOPLIST_FILE = "Source/CrashReporter/CrashReporter-Info.plist";
				INSTALL_PATH = "$(USER_APPS_DIR)";
				MACOSX_DEPLOYMENT_TARGET = 10.2;
				OTHER_CFLAGS = "";
				OTHER_LDFLAGS = (
					"-framework",
					Foundation,
					"-framework",
					AppKit,
				);
				OTHER_REZFLAGS = "";
				PRODUCT_NAME = CrashReporter;
				SECTORDER_FLAGS = "";
				SKIP_INSTALL = YES;
				WARNING_CFLAGS = "-Wmost";
			};
			dependencies = (
			);
			name = CrashReporter;
			productName = CrashReporter;
			productReference = 6AF6C41806B18B4800C4D0C9 /* CrashReporter.app */;
			productSettingsXML = "<?xml version=\"1.0\" encoding=\"UTF-8\"?>
<!DOCTYPE plist PUBLIC \"-//Apple Computer//DTD PLIST 1.0//EN\" \"http://www.apple.com/DTDs/PropertyList-1.0.dtd\">
<plist version=\"1.0\">
<dict>
	<key>CFBundleDevelopmentRegion</key>
	<string>English</string>
	<key>CFBundleExecutable</key>
	<string>CrashReporter</string>
	<key>CFBundleGetInfoString</key>
	<string></string>
	<key>CFBundleIconFile</key>
	<string></string>
	<key>CFBundleIdentifier</key>
	<string>com.MySoftwareCompany.CrashReporter</string>
	<key>CFBundleInfoDictionaryVersion</key>
	<string>6.0</string>
	<key>CFBundlePackageType</key>
	<string>APPL</string>
	<key>CFBundleShortVersionString</key>
	<string></string>
	<key>CFBundleSignature</key>
	<string>????</string>
	<key>CFBundleVersion</key>
	<string>1.0.0d1</string>
	<key>NSMainNibFile</key>
	<string>MainMenu</string>
	<key>NSPrincipalClass</key>
	<string>NSApplication</string>
</dict>
</plist>
";
			productType = "com.apple.product-type.application";
		};
		8DC2EF4F0486A6940098B216 /* ILCrashReporter */ = {
			isa = PBXNativeTarget;
			buildConfigurationList = 6A0728F808551A2000BC12AD /* Build configuration list for PBXNativeTarget "ILCrashReporter" */;
			buildPhases = (
				8DC2EF500486A6940098B216 /* Headers */,
				8DC2EF520486A6940098B216 /* Resources */,
				8DC2EF540486A6940098B216 /* Sources */,
				8DC2EF560486A6940098B216 /* Frameworks */,
				8DC2EF580486A6940098B216 /* Rez */,
				6AF6C44506B1AFC400C4D0C9 /* CopyFiles */,
				6A6B21D907105FF400057057 /* ShellScript */,
				6AF6C45B06B1B5AF00C4D0C9 /* ShellScript */,
			);
			buildRules = (
			);
			buildSettings = {
				DYLIB_COMPATIBILITY_VERSION = 1;
				DYLIB_CURRENT_VERSION = 1;
				FRAMEWORK_SEARCH_PATHS = "";
				FRAMEWORK_VERSION = A;
				GCC_ENABLE_TRIGRAPHS = NO;
				GCC_GENERATE_DEBUGGING_SYMBOLS = NO;
				GCC_PRECOMPILE_PREFIX_HEADER = YES;
				GCC_PREFIX_HEADER = Source/Framework/ILCrashReporter_Prefix.pch;
				GCC_WARN_ABOUT_MISSING_PROTOTYPES = NO;
				GCC_WARN_FOUR_CHARACTER_CONSTANTS = NO;
				GCC_WARN_UNKNOWN_PRAGMAS = NO;
				HEADER_SEARCH_PATHS = "";
				INFOPLIST_FILE = Source/Framework/Resources/Info.plist;
				INSTALL_PATH = "@executable_path/../Frameworks";
				LIBRARY_SEARCH_PATHS = "";
				LIBRARY_STYLE = Dynamic;
				MACOSX_DEPLOYMENT_TARGET = 10.2;
				OTHER_LDFLAGS = (
					"-seg1addr",
					0xEBF80000,
				);
				PRODUCT_NAME = ILCrashReporter;
				SECTORDER_FLAGS = "";
				SKIP_INSTALL = YES;
				WARNING_CFLAGS = (
					"-Wmost",
					"-Wno-four-char-constants",
					"-Wno-unknown-pragmas",
				);
				WRAPPER_EXTENSION = framework;
			};
			dependencies = (
				6AF6C46506B1B87A00C4D0C9 /* PBXTargetDependency */,
			);
			name = ILCrashReporter;
			productInstallPath = "$(HOME)/Library/Frameworks";
			productName = ILCrashReporter;
			productReference = 8DC2EF5B0486A6940098B216 /* ILCrashReporter.framework */;
			productType = "com.apple.product-type.framework";
		};
/* End PBXNativeTarget section */

/* Begin PBXProject section */
		0867D690FE84028FC02AAC07 /* Project object */ = {
			isa = PBXProject;
			buildConfigurationList = 6A0728FD08551A2000BC12AD /* Build configuration list for PBXProject "ILCrashReporter" */;
			buildSettings = {
			};
			buildStyles = (
				014CEA440018CDF011CA2923 /* Development */,
				014CEA450018CDF011CA2923 /* Deployment */,
				6A6AF564073D354900857373 /* Development 10.2 */,
			);
			hasScannedForEncodings = 1;
			knownRegions = (
				English,
				Japanese,
				French,
				German,
				da,
				Italian,
				Spanish,
				zh_CN,
			);
			mainGroup = 0867D691FE84028FC02AAC07 /* ILCrashReporter */;
			productRefGroup = 034768DFFF38A50411DB9C8B /* Products */;
			projectDirPath = "";
			targets = (
				8DC2EF4F0486A6940098B216 /* ILCrashReporter */,
				6AF6C41706B18B4800C4D0C9 /* CrashReporter */,
			);
		};
/* End PBXProject section */

/* Begin PBXResourcesBuildPhase section */
		6AF6C41406B18B4800C4D0C9 /* Resources */ = {
			isa = PBXResourcesBuildPhase;
			buildActionMask = 2147483647;
			files = (
				6AF6C42E06B18B7800C4D0C9 /* CrashReporterIcon.icns in Resources */,
				6A8E7286072EF38A008AF696 /* CrashReporterMain.nib in Resources */,
				6AF6C43006B18B7800C4D0C9 /* Localizable.strings in Resources */,
			);
			runOnlyForDeploymentPostprocessing = 0;
		};
		8DC2EF520486A6940098B216 /* Resources */ = {
			isa = PBXResourcesBuildPhase;
			buildActionMask = 2147483647;
			files = (
				8DC2EF530486A6940098B216 /* InfoPlist.strings in Resources */,
			);
			runOnlyForDeploymentPostprocessing = 0;
		};
/* End PBXResourcesBuildPhase section */

/* Begin PBXRezBuildPhase section */
		8DC2EF580486A6940098B216 /* Rez */ = {
			isa = PBXRezBuildPhase;
			buildActionMask = 2147483647;
			files = (
			);
			runOnlyForDeploymentPostprocessing = 0;
		};
/* End PBXRezBuildPhase section */

/* Begin PBXShellScriptBuildPhase section */
		6A6B21D907105FF400057057 /* ShellScript */ = {
			isa = PBXShellScriptBuildPhase;
			buildActionMask = 2147483647;
			files = (
			);
			inputPaths = (
			);
			outputPaths = (
			);
			runOnlyForDeploymentPostprocessing = 0;
			shellPath = /bin/sh;
			shellScript = build_vars/GenBuildNumber.sh;
		};
		6A6B21DA0710600700057057 /* ShellScript */ = {
			isa = PBXShellScriptBuildPhase;
			buildActionMask = 2147483647;
			files = (
			);
			inputPaths = (
			);
			outputPaths = (
			);
			runOnlyForDeploymentPostprocessing = 0;
			shellPath = /bin/sh;
			shellScript = "build_vars/GenBuildNumber.sh -increment";
		};
		6AF6C45B06B1B5AF00C4D0C9 /* ShellScript */ = {
			isa = PBXShellScriptBuildPhase;
			buildActionMask = 2147483647;
			files = (
			);
			inputPaths = (
			);
			outputPaths = (
			);
			runOnlyForDeploymentPostprocessing = 0;
			shellPath = /bin/sh;
			shellScript = "build_vars/LinkComponents.sh \"$SYMROOT/ILCrashReporter.framework/\"";
		};
/* End PBXShellScriptBuildPhase section */

/* Begin PBXSourcesBuildPhase section */
		6AF6C41506B18B4800C4D0C9 /* Sources */ = {
			isa = PBXSourcesBuildPhase;
			buildActionMask = 2147483647;
			files = (
				6AF6C42B06B18B7800C4D0C9 /* CrashReporterAppDelegate.m in Sources */,
				6AF6C42D06B18B7800C4D0C9 /* CrashReporterController.m in Sources */,
				6AF6C43206B18B7800C4D0C9 /* GetPID.m in Sources */,
				6AF6C48006B1BD5A00C4D0C9 /* main.m in Sources */,
				6A91A29306D23717005F6DC0 /* SMTPMailDelivery.m in Sources */,
			);
			runOnlyForDeploymentPostprocessing = 0;
		};
		8DC2EF540486A6940098B216 /* Sources */ = {
			isa = PBXSourcesBuildPhase;
			buildActionMask = 2147483647;
			files = (
				6AF6C3C006B061CF00C4D0C9 /* ILCrashReporter.m in Sources */,
			);
			runOnlyForDeploymentPostprocessing = 0;
		};
/* End PBXSourcesBuildPhase section */

/* Begin PBXTargetDependency section */
		6AF6C46506B1B87A00C4D0C9 /* PBXTargetDependency */ = {
			isa = PBXTargetDependency;
			target = 6AF6C41706B18B4800C4D0C9 /* CrashReporter */;
			targetProxy = 6AF6C46406B1B87A00C4D0C9 /* PBXContainerItemProxy */;
		};
/* End PBXTargetDependency section */

/* Begin PBXVariantGroup section */
		089C1666FE841158C02AAC07 /* InfoPlist.strings */ = {
			isa = PBXVariantGroup;
			children = (
				089C1667FE841158C02AAC07 /* English */,
			);
			name = InfoPlist.strings;
			sourceTree = "<group>";
		};
		6AF6C42506B18B7700C4D0C9 /* Localizable.strings */ = {
			isa = PBXVariantGroup;
			children = (
				6AF6C42606B18B7700C4D0C9 /* English */,
				6A8E72C807304091008AF696 /* da */,
				6A2C03FC0731A0DC00F85C97 /* Japanese */,
				6A2C03FD0731A0EC00F85C97 /* French */,
				6A2C03FE0731A12600F85C97 /* German */,
				6A2C03FF0731A14500F85C97 /* Italian */,
				6A2C04000731A15A00F85C97 /* Spanish */,
				6A2C044F0731B25100F85C97 /* zh_CN */,
			);
			name = Localizable.strings;
			sourceTree = "<group>";
		};
/* End PBXVariantGroup section */

/* Begin XCBuildConfiguration section */
		6A0728F408551A2000BC12AD /* Debug */ = {
			isa = XCBuildConfiguration;
			baseConfigurationReference = 6A07290C08551BCB00BC12AD /* Deployment.xcconfig */;
			buildSettings = {
				COPY_PHASE_STRIP = NO;
				DEBUGGING_SYMBOLS = YES;
				GCC_DYNAMIC_NO_PIC = NO;
				GCC_ENABLE_FIX_AND_CONTINUE = YES;
				GCC_GENERATE_DEBUGGING_SYMBOLS = YES;
				GCC_OPTIMIZATION_LEVEL = 0;
				GCC_PRECOMPILE_PREFIX_HEADER = YES;
				GCC_PREFIX_HEADER = Source/Framework/ILCrashReporter_Prefix.pch;
				GCC_PREPROCESSOR_DEFINITIONS = "DEBUG=1";
				GCC_WARN_FOUR_CHARACTER_CONSTANTS = NO;
				GCC_WARN_UNKNOWN_PRAGMAS = NO;
				INFOPLIST_FILE = "Source/CrashReporter/CrashReporter-Info.plist";
				INSTALL_PATH = "$(USER_APPS_DIR)";
				OPTIMIZATION_CFLAGS = "-O0";
				OTHER_CFLAGS = "";
				OTHER_LDFLAGS = (
					"-framework",
					Foundation,
					"-framework",
					AppKit,
				);
				OTHER_REZFLAGS = "";
				PRODUCT_NAME = CrashReporter;
				SECTORDER_FLAGS = "";
				SKIP_INSTALL = YES;
				WARNING_CFLAGS = "-Wmost";
				ZERO_LINK = NO;
			};
			name = Debug;
		};
		6A0728F508551A2000BC12AD /* Release */ = {
			isa = XCBuildConfiguration;
			baseConfigurationReference = 6A07290C08551BCB00BC12AD /* Deployment.xcconfig */;
			buildSettings = {
				COPY_PHASE_STRIP = YES;
				GCC_ENABLE_FIX_AND_CONTINUE = NO;
				GCC_PRECOMPILE_PREFIX_HEADER = YES;
				GCC_PREFIX_HEADER = Source/Framework/ILCrashReporter_Prefix.pch;
				GCC_WARN_FOUR_CHARACTER_CONSTANTS = NO;
				GCC_WARN_UNKNOWN_PRAGMAS = NO;
				INFOPLIST_FILE = "Source/CrashReporter/CrashReporter-Info.plist";
				INSTALL_PATH = "$(USER_APPS_DIR)";
				OTHER_CFLAGS = "";
				OTHER_LDFLAGS = (
					"-framework",
					Foundation,
					"-framework",
					AppKit,
				);
				OTHER_REZFLAGS = "";
				PRODUCT_NAME = CrashReporter;
				SECTORDER_FLAGS = "";
				SKIP_INSTALL = YES;
				WARNING_CFLAGS = "-Wmost";
				ZERO_LINK = NO;
			};
			name = Release;
		};
		6A0728F608551A2000BC12AD /* Development 10.2 */ = {
			isa = XCBuildConfiguration;
			buildSettings = {
				GCC_OPTIMIZATION_LEVEL = 0;
				GCC_PRECOMPILE_PREFIX_HEADER = YES;
				GCC_PREFIX_HEADER = Source/Framework/ILCrashReporter_Prefix.pch;
				GCC_PREPROCESSOR_DEFINITIONS = (
					"DEBUG=1",
					"MAC_OS_X_VERSION_MAX_ALLOWED=1020",
				);
				GCC_WARN_FOUR_CHARACTER_CONSTANTS = NO;
				GCC_WARN_UNKNOWN_PRAGMAS = NO;
				INFOPLIST_FILE = "Source/CrashReporter/CrashReporter-Info.plist";
				INSTALL_PATH = "$(USER_APPS_DIR)";
				OTHER_CFLAGS = "";
				OTHER_LDFLAGS = (
					"-framework",
					Foundation,
					"-framework",
					AppKit,
				);
				OTHER_REZFLAGS = "";
				PRODUCT_NAME = CrashReporter;
				SECTORDER_FLAGS = "";
				SKIP_INSTALL = YES;
				WARNING_CFLAGS = "-Wmost";
			};
			name = "Development 10.2";
		};
		6A0728F708551A2000BC12AD /* Default */ = {
			isa = XCBuildConfiguration;
			buildSettings = {
				GCC_PRECOMPILE_PREFIX_HEADER = YES;
				GCC_PREFIX_HEADER = Source/Framework/ILCrashReporter_Prefix.pch;
				GCC_WARN_FOUR_CHARACTER_CONSTANTS = NO;
				GCC_WARN_UNKNOWN_PRAGMAS = NO;
				INFOPLIST_FILE = "Source/CrashReporter/CrashReporter-Info.plist";
				INSTALL_PATH = "$(USER_APPS_DIR)";
				OTHER_CFLAGS = "";
				OTHER_LDFLAGS = (
					"-framework",
					Foundation,
					"-framework",
					AppKit,
				);
				OTHER_REZFLAGS = "";
				PRODUCT_NAME = CrashReporter;
				SECTORDER_FLAGS = "";
				SKIP_INSTALL = YES;
				WARNING_CFLAGS = "-Wmost";
			};
			name = Default;
		};
		6A0728F908551A2000BC12AD /* Debug */ = {
			isa = XCBuildConfiguration;
			baseConfigurationReference = 6A07290C08551BCB00BC12AD /* Deployment.xcconfig */;
			buildSettings = {
				DYLIB_COMPATIBILITY_VERSION = 1;
				DYLIB_CURRENT_VERSION = 1;
				FRAMEWORK_SEARCH_PATHS = "";
				FRAMEWORK_VERSION = A;
				GCC_DYNAMIC_NO_PIC = NO;
				GCC_ENABLE_TRIGRAPHS = NO;
				GCC_PRECOMPILE_PREFIX_HEADER = YES;
				GCC_PREFIX_HEADER = Source/Framework/ILCrashReporter_Prefix.pch;
				GCC_WARN_ABOUT_MISSING_PROTOTYPES = NO;
				GCC_WARN_FOUR_CHARACTER_CONSTANTS = NO;
				GCC_WARN_UNKNOWN_PRAGMAS = NO;
				HEADER_SEARCH_PATHS = "";
				INFOPLIST_FILE = Source/Framework/Resources/Info.plist;
				INSTALL_PATH = "@executable_path/../Frameworks";
				LIBRARY_SEARCH_PATHS = "";
				LIBRARY_STYLE = Dynamic;
				MACH_O_TYPE = mh_dylib;
				MACOSX_DEPLOYMENT_TARGET = 10.3;
				OTHER_LDFLAGS = (
					"-seg1addr",
					0xEBF80000,
				);
				PRODUCT_NAME = ILCrashReporter;
				SECTORDER_FLAGS = "";
				SKIP_INSTALL = YES;
				WARNING_CFLAGS = (
					"-Wmost",
					"-Wno-four-char-constants",
					"-Wno-unknown-pragmas",
				);
				WRAPPER_EXTENSION = framework;
				ZERO_LINK = NO;
			};
			name = Debug;
		};
		6A0728FA08551A2000BC12AD /* Release */ = {
			isa = XCBuildConfiguration;
			baseConfigurationReference = 6A07290C08551BCB00BC12AD /* Deployment.xcconfig */;
			buildSettings = {
				DYLIB_COMPATIBILITY_VERSION = 1;
				DYLIB_CURRENT_VERSION = 1;
				FRAMEWORK_SEARCH_PATHS = "";
				FRAMEWORK_VERSION = A;
				GCC_ENABLE_FIX_AND_CONTINUE = NO;
				GCC_ENABLE_TRIGRAPHS = NO;
				GCC_GENERATE_DEBUGGING_SYMBOLS = NO;
				GCC_OPTIMIZATION_LEVEL = s;
				GCC_PRECOMPILE_PREFIX_HEADER = YES;
				GCC_PREFIX_HEADER = Source/Framework/ILCrashReporter_Prefix.pch;
				GCC_WARN_ABOUT_MISSING_PROTOTYPES = NO;
				GCC_WARN_FOUR_CHARACTER_CONSTANTS = NO;
				GCC_WARN_UNKNOWN_PRAGMAS = NO;
				HEADER_SEARCH_PATHS = "";
				INFOPLIST_FILE = Source/Framework/Resources/Info.plist;
				INSTALL_PATH = "@executable_path/../Frameworks";
				LIBRARY_SEARCH_PATHS = "";
				LIBRARY_STYLE = Dynamic;
				MACH_O_TYPE = mh_dylib;
				MACOSX_DEPLOYMENT_TARGET = 10.3;
				OTHER_LDFLAGS = (
					"-seg1addr",
					0xEBF80000,
				);
				PRODUCT_NAME = ILCrashReporter;
				SECTORDER_FLAGS = "";
				SKIP_INSTALL = YES;
				WARNING_CFLAGS = (
					"-Wmost",
					"-Wno-four-char-constants",
					"-Wno-unknown-pragmas",
				);
				WRAPPER_EXTENSION = framework;
			};
			name = Release;
		};
		6A0728FB08551A2000BC12AD /* Development 10.2 */ = {
			isa = XCBuildConfiguration;
			baseConfigurationReference = 6A07290C08551BCB00BC12AD /* Deployment.xcconfig */;
			buildSettings = {
				DYLIB_COMPATIBILITY_VERSION = 1;
				DYLIB_CURRENT_VERSION = 1;
				FRAMEWORK_SEARCH_PATHS = "";
				FRAMEWORK_VERSION = A;
				GCC_ENABLE_TRIGRAPHS = NO;
				GCC_GENERATE_DEBUGGING_SYMBOLS = NO;
				GCC_OPTIMIZATION_LEVEL = 0;
				GCC_PRECOMPILE_PREFIX_HEADER = YES;
				GCC_PREFIX_HEADER = Source/Framework/ILCrashReporter_Prefix.pch;
				GCC_PREPROCESSOR_DEFINITIONS = (
					"DEBUG=1",
					"MAC_OS_X_VERSION_MAX_ALLOWED=1020",
				);
				GCC_WARN_ABOUT_MISSING_PROTOTYPES = NO;
				GCC_WARN_FOUR_CHARACTER_CONSTANTS = NO;
				GCC_WARN_UNKNOWN_PRAGMAS = NO;
				HEADER_SEARCH_PATHS = "";
				INFOPLIST_FILE = Source/Framework/Resources/Info.plist;
				INSTALL_PATH = "@executable_path/../Frameworks";
				LIBRARY_SEARCH_PATHS = "";
				LIBRARY_STYLE = Dynamic;
				MACH_O_TYPE = mh_dylib;
				MACOSX_DEPLOYMENT_TARGET = 10.3;
				OTHER_LDFLAGS = (
					"-seg1addr",
					0xEBF80000,
				);
				PRODUCT_NAME = ILCrashReporter;
				SECTORDER_FLAGS = "";
				SKIP_INSTALL = YES;
				WARNING_CFLAGS = (
					"-Wmost",
					"-Wno-four-char-constants",
					"-Wno-unknown-pragmas",
				);
				WRAPPER_EXTENSION = framework;
			};
			name = "Development 10.2";
		};
		6A0728FC08551A2000BC12AD /* Default */ = {
			isa = XCBuildConfiguration;
			baseConfigurationReference = 6A07290C08551BCB00BC12AD /* Deployment.xcconfig */;
			buildSettings = {
				DYLIB_COMPATIBILITY_VERSION = 1;
				DYLIB_CURRENT_VERSION = 1;
				FRAMEWORK_SEARCH_PATHS = "";
				FRAMEWORK_VERSION = A;
				GCC_ENABLE_TRIGRAPHS = NO;
				GCC_GENERATE_DEBUGGING_SYMBOLS = NO;
				GCC_PRECOMPILE_PREFIX_HEADER = YES;
				GCC_PREFIX_HEADER = Source/Framework/ILCrashReporter_Prefix.pch;
				GCC_WARN_ABOUT_MISSING_PROTOTYPES = NO;
				GCC_WARN_FOUR_CHARACTER_CONSTANTS = NO;
				GCC_WARN_UNKNOWN_PRAGMAS = NO;
				HEADER_SEARCH_PATHS = "";
				INFOPLIST_FILE = Source/Framework/Resources/Info.plist;
				INSTALL_PATH = "@executable_path/../Frameworks";
				LIBRARY_SEARCH_PATHS = "";
				LIBRARY_STYLE = Dynamic;
				MACH_O_TYPE = mh_dylib;
				MACOSX_DEPLOYMENT_TARGET = 10.3;
				OTHER_LDFLAGS = (
					"-seg1addr",
					0xEBF80000,
				);
				PRODUCT_NAME = ILCrashReporter;
				SECTORDER_FLAGS = "";
				SKIP_INSTALL = YES;
				WARNING_CFLAGS = (
					"-Wmost",
					"-Wno-four-char-constants",
					"-Wno-unknown-pragmas",
				);
				WRAPPER_EXTENSION = framework;
			};
			name = Default;
		};
		6A0728FE08551A2000BC12AD /* Debug */ = {
			isa = XCBuildConfiguration;
			buildSettings = {
				ARCHS = (
					ppc,
					i386,
				);
				MACOSX_DEPLOYMENT_TARGET = 10.3;
				SDKROOT = /Developer/SDKs/MacOSX10.4u.sdk;
			};
			name = Debug;
		};
		6A0728FF08551A2000BC12AD /* Release */ = {
			isa = XCBuildConfiguration;
			buildSettings = {
				ARCHS = (
					ppc,
					i386,
				);
				MACOSX_DEPLOYMENT_TARGET = 10.3;
				SDKROOT = /Developer/SDKs/MacOSX10.4u.sdk;
			};
			name = Release;
		};
		6A07290008551A2000BC12AD /* Development 10.2 */ = {
			isa = XCBuildConfiguration;
			buildSettings = {
				ARCHS = (
					ppc,
					i386,
				);
				MACOSX_DEPLOYMENT_TARGET = 10.3;
				SDKROOT = /Developer/SDKs/MacOSX10.4u.sdk;
			};
			name = "Development 10.2";
		};
		6A07290108551A2000BC12AD /* Default */ = {
			isa = XCBuildConfiguration;
			buildSettings = {
				ARCHS = (
					ppc,
					i386,
				);
				MACOSX_DEPLOYMENT_TARGET = 10.3;
				SDKROOT = /Developer/SDKs/MacOSX10.4u.sdk;
			};
			name = Default;
		};
/* End XCBuildConfiguration section */

/* Begin XCConfigurationList section */
		6A0728F308551A2000BC12AD /* Build configuration list for PBXNativeTarget "CrashReporter" */ = {
			isa = XCConfigurationList;
			buildConfigurations = (
				6A0728F408551A2000BC12AD /* Debug */,
				6A0728F508551A2000BC12AD /* Release */,
				6A0728F608551A2000BC12AD /* Development 10.2 */,
				6A0728F708551A2000BC12AD /* Default */,
			);
			defaultConfigurationIsVisible = 0;
			defaultConfigurationName = Default;
		};
		6A0728F808551A2000BC12AD /* Build configuration list for PBXNativeTarget "ILCrashReporter" */ = {
			isa = XCConfigurationList;
			buildConfigurations = (
				6A0728F908551A2000BC12AD /* Debug */,
				6A0728FA08551A2000BC12AD /* Release */,
				6A0728FB08551A2000BC12AD /* Development 10.2 */,
				6A0728FC08551A2000BC12AD /* Default */,
			);
			defaultConfigurationIsVisible = 0;
			defaultConfigurationName = Default;
		};
		6A0728FD08551A2000BC12AD /* Build configuration list for PBXProject "ILCrashReporter" */ = {
			isa = XCConfigurationList;
			buildConfigurations = (
				6A0728FE08551A2000BC12AD /* Debug */,
				6A0728FF08551A2000BC12AD /* Release */,
				6A07290008551A2000BC12AD /* Development 10.2 */,
				6A07290108551A2000BC12AD /* Default */,
			);
			defaultConfigurationIsVisible = 0;
			defaultConfigurationName = Default;
		};
/* End XCConfigurationList section */
	};
	rootObject = 0867D690FE84028FC02AAC07 /* Project object */;
}
