// !$*UTF8*$!
{
	archiveVersion = 1;
	classes = {
	};
	objectVersion = 39;
	objects = {
		014CEA440018CDF011CA2923 = {
			buildSettings = {
				COPY_PHASE_STRIP = NO;
				GCC_DYNAMIC_NO_PIC = NO;
				GCC_ENABLE_FIX_AND_CONTINUE = YES;
				GCC_GENERATE_DEBUGGING_SYMBOLS = YES;
				GCC_OPTIMIZATION_LEVEL = 0;
				INSTALL_PATH = "@executable_path/../Frameworks";
				ZERO_LINK = YES;
			};
			isa = PBXBuildStyle;
			name = Development;
		};
		014CEA450018CDF011CA2923 = {
			buildSettings = {
				COPY_PHASE_STRIP = YES;
				GCC_ENABLE_FIX_AND_CONTINUE = NO;
				INSTALL_PATH = "@executable_path/../Frameworks";
				ZERO_LINK = NO;
			};
			isa = PBXBuildStyle;
			name = Deployment;
		};
//010
//011
//012
//013
//014
//030
//031
//032
//033
//034
		034768DFFF38A50411DB9C8B = {
			children = (
				8DC2EF5B0486A6940098B216,
			);
			isa = PBXGroup;
			name = Products;
			refType = 4;
			sourceTree = "<group>";
		};
//030
//031
//032
//033
//034
//080
//081
//082
//083
//084
		0867D690FE84028FC02AAC07 = {
			buildSettings = {
			};
			buildStyles = (
				014CEA440018CDF011CA2923,
				014CEA450018CDF011CA2923,
			);
			hasScannedForEncodings = 1;
			isa = PBXProject;
			mainGroup = 0867D691FE84028FC02AAC07;
			productRefGroup = 034768DFFF38A50411DB9C8B;
			projectDirPath = "";
			targets = (
				8DC2EF4F0486A6940098B216,
			);
		};
		0867D691FE84028FC02AAC07 = {
			children = (
				32C88DFF0371C24200C91783,
				089C1665FE841158C02AAC07,
				0867D69AFE84028FC02AAC07,
				034768DFFF38A50411DB9C8B,
			);
			isa = PBXGroup;
			name = BTParse;
			refType = 4;
			sourceTree = "<group>";
		};
		0867D69AFE84028FC02AAC07 = {
			children = (
				1058C7B0FEA5585E11CA2CBB,
				1058C7B2FEA5585E11CA2CBB,
			);
			isa = PBXGroup;
			name = "External Frameworks and Libraries";
			refType = 4;
			sourceTree = "<group>";
		};
		0867D69BFE84028FC02AAC07 = {
			isa = PBXFileReference;
			lastKnownFileType = wrapper.framework;
			name = Foundation.framework;
			path = /System/Library/Frameworks/Foundation.framework;
			refType = 0;
			sourceTree = "<absolute>";
		};
		0867D6A5FE840307C02AAC07 = {
			isa = PBXFileReference;
			lastKnownFileType = wrapper.framework;
			name = AppKit.framework;
			path = /System/Library/Frameworks/AppKit.framework;
			refType = 0;
			sourceTree = "<absolute>";
		};
		089C1665FE841158C02AAC07 = {
			children = (
				8DC2EF5A0486A6940098B216,
				089C1666FE841158C02AAC07,
			);
			isa = PBXGroup;
			name = Resources;
			refType = 4;
			sourceTree = "<group>";
		};
		089C1666FE841158C02AAC07 = {
			children = (
				089C1667FE841158C02AAC07,
			);
			isa = PBXVariantGroup;
			name = InfoPlist.strings;
			refType = 4;
			sourceTree = "<group>";
		};
		089C1667FE841158C02AAC07 = {
			fileEncoding = 10;
			isa = PBXFileReference;
			lastKnownFileType = text.plist.strings;
			name = English;
			path = English.lproj/InfoPlist.strings;
			refType = 4;
			sourceTree = "<group>";
		};
//080
//081
//082
//083
//084
//100
//101
//102
//103
//104
		1058C7B0FEA5585E11CA2CBB = {
			children = (
				1058C7B1FEA5585E11CA2CBB,
			);
			isa = PBXGroup;
			name = "Linked Frameworks";
			refType = 4;
			sourceTree = "<group>";
		};
		1058C7B1FEA5585E11CA2CBB = {
			isa = PBXFileReference;
			lastKnownFileType = wrapper.framework;
			name = Cocoa.framework;
			path = /System/Library/Frameworks/Cocoa.framework;
			refType = 0;
			sourceTree = "<absolute>";
		};
		1058C7B2FEA5585E11CA2CBB = {
			children = (
				0867D69BFE84028FC02AAC07,
				0867D6A5FE840307C02AAC07,
			);
			isa = PBXGroup;
			name = "Other Frameworks";
			refType = 4;
			sourceTree = "<group>";
		};
//100
//101
//102
//103
//104
//320
//321
//322
//323
//324
		32C88DFF0371C24200C91783 = {
			children = (
				F99630D8086E0D9600872609,
				F99630E0086E0D9600872609,
				32DBCF5E0370ADEE00C91783,
			);
			isa = PBXGroup;
			name = "Other Sources";
			refType = 4;
			sourceTree = "<group>";
		};
		32DBCF5E0370ADEE00C91783 = {
			fileEncoding = 4;
			isa = PBXFileReference;
			lastKnownFileType = sourcecode.c.h;
			path = BTParse_Prefix.pch;
			refType = 4;
			sourceTree = "<group>";
		};
//320
//321
//322
//323
//324
//8D0
//8D1
//8D2
//8D3
//8D4
		8DC2EF4F0486A6940098B216 = {
			buildPhases = (
				8DC2EF500486A6940098B216,
				8DC2EF520486A6940098B216,
				8DC2EF540486A6940098B216,
				8DC2EF560486A6940098B216,
				F928124A086E0F1400E8900E,
			);
			buildRules = (
			);
			buildSettings = {
				DYLIB_COMPATIBILITY_VERSION = 1;
				DYLIB_CURRENT_VERSION = 1;
				FRAMEWORK_VERSION = A;
				GCC_GENERATE_DEBUGGING_SYMBOLS = NO;
				GCC_PRECOMPILE_PREFIX_HEADER = YES;
				GCC_PREFIX_HEADER = BTParse_Prefix.pch;
				INFOPLIST_FILE = Info.plist;
				INSTALL_PATH = "$(HOME)/Library/Frameworks";
				LIBRARY_STYLE = DYNAMIC;
				PRODUCT_NAME = BTParse;
				WRAPPER_EXTENSION = framework;
			};
			dependencies = (
			);
			isa = PBXNativeTarget;
			name = BTParse;
			productInstallPath = "$(HOME)/Library/Frameworks";
			productName = BTParse;
			productReference = 8DC2EF5B0486A6940098B216;
			productType = "com.apple.product-type.framework";
		};
		8DC2EF500486A6940098B216 = {
			buildActionMask = 2147483647;
			files = (
				F9281247086E0EDC00E8900E,
				F9963119086E0D9600872609,
				F996311B086E0D9600872609,
				F996311C086E0D9600872609,
				F996311D086E0D9600872609,
				F996311E086E0D9600872609,
				F996311F086E0D9600872609,
				F9963121086E0D9600872609,
				F9963127086E0D9600872609,
				F9963129086E0D9600872609,
				F996312A086E0D9600872609,
				F996312F086E0D9600872609,
				F9963138086E0D9600872609,
				F996313C086E0D9600872609,
				F996313F086E0D9600872609,
				F9963140086E0D9600872609,
				F9963144086E0D9600872609,
				F9963148086E0D9600872609,
				F996314B086E0D9600872609,
				F996314F086E0D9600872609,
				F9963153086E0D9600872609,
			);
			isa = PBXHeadersBuildPhase;
			runOnlyForDeploymentPostprocessing = 0;
		};
		8DC2EF520486A6940098B216 = {
			buildActionMask = 2147483647;
			files = (
				F928124B086E0F3100E8900E,
				8DC2EF530486A6940098B216,
			);
			isa = PBXResourcesBuildPhase;
			runOnlyForDeploymentPostprocessing = 0;
		};
		8DC2EF530486A6940098B216 = {
			fileRef = 089C1666FE841158C02AAC07;
			isa = PBXBuildFile;
			settings = {
			};
		};
		8DC2EF540486A6940098B216 = {
			buildActionMask = 2147483647;
			files = (
				F9963122086E0D9600872609,
				F9963125086E0D9600872609,
				F996312C086E0D9600872609,
				F996312E086E0D9600872609,
				F9963131086E0D9600872609,
				F9963133086E0D9600872609,
				F9963135086E0D9600872609,
				F9963137086E0D9600872609,
				F996313A086E0D9600872609,
				F996313D086E0D9600872609,
				F9963141086E0D9600872609,
				F9963143086E0D9600872609,
				F9963146086E0D9600872609,
				F9963149086E0D9600872609,
				F996314C086E0D9600872609,
				F996314E086E0D9600872609,
				F9963151086E0D9600872609,
				F9963154086E0D9600872609,
				F9963156086E0D9600872609,
			);
			isa = PBXSourcesBuildPhase;
			runOnlyForDeploymentPostprocessing = 0;
		};
		8DC2EF560486A6940098B216 = {
			buildActionMask = 2147483647;
			files = (
				8DC2EF570486A6940098B216,
			);
			isa = PBXFrameworksBuildPhase;
			runOnlyForDeploymentPostprocessing = 0;
		};
		8DC2EF570486A6940098B216 = {
			fileRef = 1058C7B1FEA5585E11CA2CBB;
			isa = PBXBuildFile;
			settings = {
			};
		};
		8DC2EF5A0486A6940098B216 = {
			fileEncoding = 4;
			isa = PBXFileReference;
			lastKnownFileType = text.plist;
			path = Info.plist;
			refType = 4;
			sourceTree = "<group>";
		};
		8DC2EF5B0486A6940098B216 = {
			explicitFileType = wrapper.framework;
			includeInIndex = 0;
			isa = PBXFileReference;
			path = BTParse.framework;
			refType = 3;
			sourceTree = BUILT_PRODUCTS_DIR;
		};
//8D0
//8D1
//8D2
//8D3
//8D4
//F90
//F91
//F92
//F93
//F94
		F9281247086E0EDC00E8900E = {
			fileRef = F99630DA086E0D9600872609;
			isa = PBXBuildFile;
			settings = {
			};
		};
		F928124A086E0F1400E8900E = {
			buildActionMask = 2147483647;
			dstPath = "";
			dstSubfolderSpec = 7;
			files = (
			);
			isa = PBXCopyFilesBuildPhase;
			runOnlyForDeploymentPostprocessing = 0;
		};
		F928124B086E0F3100E8900E = {
			fileRef = F99630EB086E0D9600872609;
			isa = PBXBuildFile;
			settings = {
			};
		};
		F99630D8086E0D9600872609 = {
			children = (
				F99630D9086E0D9600872609,
				F99630DA086E0D9600872609,
				F99630DB086E0D9600872609,
				F99630DC086E0D9600872609,
				F99630DD086E0D9600872609,
				F99630DE086E0D9600872609,
				F99630DF086E0D9600872609,
			);
			isa = PBXGroup;
			name = pccts;
			path = ../../bibdesk_vendorsrc/gward/btparse/pccts;
			refType = 2;
			sourceTree = SOURCE_ROOT;
		};
		F99630D9086E0D9600872609 = {
			fileEncoding = 5;
			isa = PBXFileReference;
			lastKnownFileType = sourcecode.c.h;
			path = antlr.h;
			refType = 4;
			sourceTree = "<group>";
		};
		F99630DA086E0D9600872609 = {
			fileEncoding = 5;
			isa = PBXFileReference;
			lastKnownFileType = sourcecode.c.c;
			path = ast.c;
			refType = 4;
			sourceTree = "<group>";
		};
		F99630DB086E0D9600872609 = {
			fileEncoding = 5;
			isa = PBXFileReference;
			lastKnownFileType = sourcecode.c.h;
			path = ast.h;
			refType = 4;
			sourceTree = "<group>";
		};
		F99630DC086E0D9600872609 = {
			fileEncoding = 5;
			isa = PBXFileReference;
			lastKnownFileType = sourcecode.c.h;
			path = config.h;
			refType = 4;
			sourceTree = "<group>";
		};
		F99630DD086E0D9600872609 = {
			fileEncoding = 5;
			isa = PBXFileReference;
			lastKnownFileType = sourcecode.c.h;
			path = dlgauto.h;
			refType = 4;
			sourceTree = "<group>";
		};
		F99630DE086E0D9600872609 = {
			fileEncoding = 5;
			isa = PBXFileReference;
			lastKnownFileType = sourcecode.c.h;
			path = dlgdef.h;
			refType = 4;
			sourceTree = "<group>";
		};
		F99630DF086E0D9600872609 = {
			fileEncoding = 5;
			isa = PBXFileReference;
			lastKnownFileType = sourcecode.c.h;
			path = err.h;
			refType = 4;
			sourceTree = "<group>";
		};
		F99630E0086E0D9600872609 = {
			children = (
				F99630E2086E0D9600872609,
				F99630E3086E0D9600872609,
				F99630E6086E0D9600872609,
				F99630E8086E0D9600872609,
				F99630EA086E0D9600872609,
				F99630EB086E0D9600872609,
				F99630ED086E0D9600872609,
				F99630EF086E0D9600872609,
				F99630F0086E0D9600872609,
				F99630F2086E0D9600872609,
				F99630F4086E0D9600872609,
				F99630F6086E0D9600872609,
				F99630F8086E0D9600872609,
				F99630F9086E0D9600872609,
				F99630FB086E0D9600872609,
				F99630FD086E0D9600872609,
				F99630FE086E0D9600872609,
				F9963100086E0D9600872609,
				F9963101086E0D9600872609,
				F9963102086E0D9600872609,
				F9963104086E0D9600872609,
				F9963105086E0D9600872609,
				F9963107086E0D9600872609,
				F9963109086E0D9600872609,
				F996310A086E0D9600872609,
				F996310C086E0D9600872609,
				F996310D086E0D9600872609,
				F996310F086E0D9600872609,
				F9963110086E0D9600872609,
				F9963112086E0D9600872609,
				F9963114086E0D9600872609,
				F9963115086E0D9600872609,
				F9963117086E0D9600872609,
			);
			isa = PBXGroup;
			name = src;
			path = ../../bibdesk_vendorsrc/gward/btparse/src;
			refType = 2;
			sourceTree = SOURCE_ROOT;
		};
		F99630E2086E0D9600872609 = {
			fileEncoding = 5;
			isa = PBXFileReference;
			lastKnownFileType = sourcecode.c.h;
			path = attrib.h;
			refType = 4;
			sourceTree = "<group>";
		};
		F99630E3086E0D9600872609 = {
			fileEncoding = 5;
			isa = PBXFileReference;
			lastKnownFileType = sourcecode.c.c;
			path = bibtex.c;
			refType = 4;
			sourceTree = "<group>";
		};
		F99630E6086E0D9600872609 = {
			fileEncoding = 5;
			isa = PBXFileReference;
			lastKnownFileType = sourcecode.c.c;
			path = bibtex_ast.c;
			refType = 4;
			sourceTree = "<group>";
		};
		F99630E8086E0D9600872609 = {
			fileEncoding = 5;
			isa = PBXFileReference;
			lastKnownFileType = sourcecode.c.h;
			path = bt_config.h;
			refType = 4;
			sourceTree = "<group>";
		};
		F99630EA086E0D9600872609 = {
			fileEncoding = 5;
			isa = PBXFileReference;
			lastKnownFileType = sourcecode.c.h;
			path = bt_debug.h;
			refType = 4;
			sourceTree = "<group>";
		};
		F99630EB086E0D9600872609 = {
			fileEncoding = 5;
			isa = PBXFileReference;
			lastKnownFileType = sourcecode.c.h;
			path = btparse.h;
			refType = 4;
			sourceTree = "<group>";
		};
		F99630ED086E0D9600872609 = {
			fileEncoding = 5;
			isa = PBXFileReference;
			lastKnownFileType = sourcecode.c.c;
			path = err.c;
			refType = 4;
			sourceTree = "<group>";
		};
		F99630EF086E0D9600872609 = {
			fileEncoding = 5;
			isa = PBXFileReference;
			lastKnownFileType = sourcecode.c.c;
			path = error.c;
			refType = 4;
			sourceTree = "<group>";
		};
		F99630F0086E0D9600872609 = {
			fileEncoding = 5;
			isa = PBXFileReference;
			lastKnownFileType = sourcecode.c.h;
			path = error.h;
			refType = 4;
			sourceTree = "<group>";
		};
		F99630F2086E0D9600872609 = {
			fileEncoding = 5;
			isa = PBXFileReference;
			lastKnownFileType = sourcecode.c.c;
			path = format_name.c;
			refType = 4;
			sourceTree = "<group>";
		};
		F99630F4086E0D9600872609 = {
			fileEncoding = 5;
			isa = PBXFileReference;
			lastKnownFileType = sourcecode.c.c;
			path = init.c;
			refType = 4;
			sourceTree = "<group>";
		};
		F99630F6086E0D9600872609 = {
			fileEncoding = 5;
			isa = PBXFileReference;
			lastKnownFileType = sourcecode.c.c;
			path = input.c;
			refType = 4;
			sourceTree = "<group>";
		};
		F99630F8086E0D9600872609 = {
			fileEncoding = 5;
			isa = PBXFileReference;
			lastKnownFileType = sourcecode.c.c;
			path = lex_auxiliary.c;
			refType = 4;
			sourceTree = "<group>";
		};
		F99630F9086E0D9600872609 = {
			fileEncoding = 5;
			isa = PBXFileReference;
			lastKnownFileType = sourcecode.c.h;
			path = lex_auxiliary.h;
			refType = 4;
			sourceTree = "<group>";
		};
		F99630FB086E0D9600872609 = {
			fileEncoding = 5;
			isa = PBXFileReference;
			lastKnownFileType = sourcecode.c.c;
			path = macros.c;
			refType = 4;
			sourceTree = "<group>";
		};
		F99630FD086E0D9600872609 = {
			fileEncoding = 5;
			isa = PBXFileReference;
			lastKnownFileType = sourcecode.c.h;
			path = mode.h;
			refType = 4;
			sourceTree = "<group>";
		};
		F99630FE086E0D9600872609 = {
			fileEncoding = 5;
			isa = PBXFileReference;
			lastKnownFileType = sourcecode.c.c;
			path = modify.c;
			refType = 4;
			sourceTree = "<group>";
		};
		F9963100086E0D9600872609 = {
			fileEncoding = 5;
			isa = PBXFileReference;
			lastKnownFileType = sourcecode.c.h;
			path = my_alloca.h;
			refType = 4;
			sourceTree = "<group>";
		};
		F9963101086E0D9600872609 = {
			fileEncoding = 5;
			isa = PBXFileReference;
			lastKnownFileType = sourcecode.c.h;
			path = my_dmalloc.h;
			refType = 4;
			sourceTree = "<group>";
		};
		F9963102086E0D9600872609 = {
			fileEncoding = 5;
			isa = PBXFileReference;
			lastKnownFileType = sourcecode.c.c;
			path = names.c;
			refType = 4;
			sourceTree = "<group>";
		};
		F9963104086E0D9600872609 = {
			fileEncoding = 5;
			isa = PBXFileReference;
			lastKnownFileType = sourcecode.c.c;
			path = parse_auxiliary.c;
			refType = 4;
			sourceTree = "<group>";
		};
		F9963105086E0D9600872609 = {
			fileEncoding = 5;
			isa = PBXFileReference;
			lastKnownFileType = sourcecode.c.h;
			path = parse_auxiliary.h;
			refType = 4;
			sourceTree = "<group>";
		};
		F9963107086E0D9600872609 = {
			fileEncoding = 5;
			isa = PBXFileReference;
			lastKnownFileType = sourcecode.c.c;
			path = postprocess.c;
			refType = 4;
			sourceTree = "<group>";
		};
		F9963109086E0D9600872609 = {
			fileEncoding = 5;
			isa = PBXFileReference;
			lastKnownFileType = sourcecode.c.h;
			path = prototypes.h;
			refType = 4;
			sourceTree = "<group>";
		};
		F996310A086E0D9600872609 = {
			fileEncoding = 5;
			isa = PBXFileReference;
			lastKnownFileType = sourcecode.c.c;
			path = scan.c;
			refType = 4;
			sourceTree = "<group>";
		};
		F996310C086E0D9600872609 = {
			fileEncoding = 5;
			isa = PBXFileReference;
			lastKnownFileType = sourcecode.c.h;
			path = stdpccts.h;
			refType = 4;
			sourceTree = "<group>";
		};
		F996310D086E0D9600872609 = {
			fileEncoding = 5;
			isa = PBXFileReference;
			lastKnownFileType = sourcecode.c.c;
			path = string_util.c;
			refType = 4;
			sourceTree = "<group>";
		};
		F996310F086E0D9600872609 = {
			fileEncoding = 5;
			isa = PBXFileReference;
			lastKnownFileType = sourcecode.c.c;
			path = sym.c;
			refType = 4;
			sourceTree = "<group>";
		};
		F9963110086E0D9600872609 = {
			fileEncoding = 5;
			isa = PBXFileReference;
			lastKnownFileType = sourcecode.c.h;
			path = sym.h;
			refType = 4;
			sourceTree = "<group>";
		};
		F9963112086E0D9600872609 = {
			fileEncoding = 5;
			isa = PBXFileReference;
			lastKnownFileType = sourcecode.c.c;
			path = tex_tree.c;
			refType = 4;
			sourceTree = "<group>";
		};
		F9963114086E0D9600872609 = {
			fileEncoding = 5;
			isa = PBXFileReference;
			lastKnownFileType = sourcecode.c.h;
			path = tokens.h;
			refType = 4;
			sourceTree = "<group>";
		};
		F9963115086E0D9600872609 = {
			fileEncoding = 5;
			isa = PBXFileReference;
			lastKnownFileType = sourcecode.c.c;
			path = traversal.c;
			refType = 4;
			sourceTree = "<group>";
		};
		F9963117086E0D9600872609 = {
			fileEncoding = 5;
			isa = PBXFileReference;
			lastKnownFileType = sourcecode.c.c;
			path = util.c;
			refType = 4;
			sourceTree = "<group>";
		};
		F9963119086E0D9600872609 = {
			fileRef = F99630D9086E0D9600872609;
			isa = PBXBuildFile;
			settings = {
			};
		};
		F996311B086E0D9600872609 = {
			fileRef = F99630DB086E0D9600872609;
			isa = PBXBuildFile;
			settings = {
				ATTRIBUTES = (
				);
			};
		};
		F996311C086E0D9600872609 = {
			fileRef = F99630DC086E0D9600872609;
			isa = PBXBuildFile;
			settings = {
			};
		};
		F996311D086E0D9600872609 = {
			fileRef = F99630DD086E0D9600872609;
			isa = PBXBuildFile;
			settings = {
			};
		};
		F996311E086E0D9600872609 = {
			fileRef = F99630DE086E0D9600872609;
			isa = PBXBuildFile;
			settings = {
			};
		};
		F996311F086E0D9600872609 = {
			fileRef = F99630DF086E0D9600872609;
			isa = PBXBuildFile;
			settings = {
			};
		};
		F9963121086E0D9600872609 = {
			fileRef = F99630E2086E0D9600872609;
			isa = PBXBuildFile;
			settings = {
			};
		};
		F9963122086E0D9600872609 = {
			fileRef = F99630E3086E0D9600872609;
			isa = PBXBuildFile;
			settings = {
				COMPILER_FLAGS = "-x objective-c -I../../bibdesk_vendorsrc/gward/btparse/pccts";
			};
		};
		F9963125086E0D9600872609 = {
			fileRef = F99630E6086E0D9600872609;
			isa = PBXBuildFile;
			settings = {
			};
		};
		F9963127086E0D9600872609 = {
			fileRef = F99630E8086E0D9600872609;
			isa = PBXBuildFile;
			settings = {
				ATTRIBUTES = (
					Private,
				);
			};
		};
		F9963129086E0D9600872609 = {
			fileRef = F99630EA086E0D9600872609;
			isa = PBXBuildFile;
			settings = {
				ATTRIBUTES = (
					Private,
				);
			};
		};
		F996312A086E0D9600872609 = {
			fileRef = F99630EB086E0D9600872609;
			isa = PBXBuildFile;
			settings = {
				ATTRIBUTES = (
					Public,
				);
			};
		};
		F996312C086E0D9600872609 = {
			fileRef = F99630ED086E0D9600872609;
			isa = PBXBuildFile;
			settings = {
			};
		};
		F996312E086E0D9600872609 = {
			fileRef = F99630EF086E0D9600872609;
			isa = PBXBuildFile;
			settings = {
				COMPILER_FLAGS = "-x objective-c";
			};
		};
		F996312F086E0D9600872609 = {
			fileRef = F99630F0086E0D9600872609;
			isa = PBXBuildFile;
			settings = {
				ATTRIBUTES = (
					Private,
				);
			};
		};
		F9963131086E0D9600872609 = {
			fileRef = F99630F2086E0D9600872609;
			isa = PBXBuildFile;
			settings = {
			};
		};
		F9963133086E0D9600872609 = {
			fileRef = F99630F4086E0D9600872609;
			isa = PBXBuildFile;
			settings = {
			};
		};
		F9963135086E0D9600872609 = {
			fileRef = F99630F6086E0D9600872609;
			isa = PBXBuildFile;
			settings = {
			};
		};
		F9963137086E0D9600872609 = {
			fileRef = F99630F8086E0D9600872609;
			isa = PBXBuildFile;
			settings = {
			};
		};
		F9963138086E0D9600872609 = {
			fileRef = F99630F9086E0D9600872609;
			isa = PBXBuildFile;
			settings = {
				ATTRIBUTES = (
					Private,
				);
			};
		};
		F996313A086E0D9600872609 = {
			fileRef = F99630FB086E0D9600872609;
			isa = PBXBuildFile;
			settings = {
			};
		};
		F996313C086E0D9600872609 = {
			fileRef = F99630FD086E0D9600872609;
			isa = PBXBuildFile;
			settings = {
				ATTRIBUTES = (
					Private,
				);
			};
		};
		F996313D086E0D9600872609 = {
			fileRef = F99630FE086E0D9600872609;
			isa = PBXBuildFile;
			settings = {
			};
		};
		F996313F086E0D9600872609 = {
			fileRef = F9963100086E0D9600872609;
			isa = PBXBuildFile;
			settings = {
				ATTRIBUTES = (
					Private,
				);
			};
		};
		F9963140086E0D9600872609 = {
			fileRef = F9963101086E0D9600872609;
			isa = PBXBuildFile;
			settings = {
				ATTRIBUTES = (
					Private,
				);
			};
		};
		F9963141086E0D9600872609 = {
			fileRef = F9963102086E0D9600872609;
			isa = PBXBuildFile;
			settings = {
			};
		};
		F9963143086E0D9600872609 = {
			fileRef = F9963104086E0D9600872609;
			isa = PBXBuildFile;
			settings = {
			};
		};
		F9963144086E0D9600872609 = {
			fileRef = F9963105086E0D9600872609;
			isa = PBXBuildFile;
			settings = {
				ATTRIBUTES = (
					Private,
				);
			};
		};
		F9963146086E0D9600872609 = {
			fileRef = F9963107086E0D9600872609;
			isa = PBXBuildFile;
			settings = {
			};
		};
		F9963148086E0D9600872609 = {
			fileRef = F9963109086E0D9600872609;
			isa = PBXBuildFile;
			settings = {
				ATTRIBUTES = (
					Private,
				);
			};
		};
		F9963149086E0D9600872609 = {
			fileRef = F996310A086E0D9600872609;
			isa = PBXBuildFile;
			settings = {
			};
		};
		F996314B086E0D9600872609 = {
			fileRef = F996310C086E0D9600872609;
			isa = PBXBuildFile;
			settings = {
			};
		};
		F996314C086E0D9600872609 = {
			fileRef = F996310D086E0D9600872609;
			isa = PBXBuildFile;
			settings = {
			};
		};
		F996314E086E0D9600872609 = {
			fileRef = F996310F086E0D9600872609;
			isa = PBXBuildFile;
			settings = {
			};
		};
		F996314F086E0D9600872609 = {
			fileRef = F9963110086E0D9600872609;
			isa = PBXBuildFile;
			settings = {
			};
		};
		F9963151086E0D9600872609 = {
			fileRef = F9963112086E0D9600872609;
			isa = PBXBuildFile;
			settings = {
			};
		};
		F9963153086E0D9600872609 = {
			fileRef = F9963114086E0D9600872609;
			isa = PBXBuildFile;
			settings = {
			};
		};
		F9963154086E0D9600872609 = {
			fileRef = F9963115086E0D9600872609;
			isa = PBXBuildFile;
			settings = {
			};
		};
		F9963156086E0D9600872609 = {
			fileRef = F9963117086E0D9600872609;
			isa = PBXBuildFile;
			settings = {
			};
		};
	};
	rootObject = 0867D690FE84028FC02AAC07;
}
